<?xml version="1.0" encoding="utf-8"?>
<Project ToolsVersion="4.0" xmlns="http://schemas.microsoft.com/developer/msbuild/2003">
  <ItemGroup>
    <Filter Include="Source Files">
      <UniqueIdentifier>{4FC737F1-C7A5-4376-A066-2A32D752A2FF}</UniqueIdentifier>
      <Extensions>cpp;c;cc;cxx;def;odl;idl;hpj;bat;asm;asmx</Extensions>
    </Filter>
    <Filter Include="Header Files">
      <UniqueIdentifier>{93995380-89BD-4b04-88EB-625FBE52EBFB}</UniqueIdentifier>
      <Extensions>h;hh;hpp;hxx;hm;inl;inc;xsd</Extensions>
    </Filter>
    <Filter Include="Resource Files">
      <UniqueIdentifier>{D9D6E242-F8AF-46E4-B9FD-80ECBC20BA3E}</UniqueIdentifier>
      <Extensions>qrc;*</Extensions>
      <ParseFiles>false</ParseFiles>
    </Filter>
    <Filter Include="Form Files">
      <UniqueIdentifier>{99349809-55BA-4b9d-BF79-8FDBB0286EB3}</UniqueIdentifier>
      <Extensions>ui</Extensions>
    </Filter>
    <Filter Include="Resource Files">
      <UniqueIdentifier>{D9D6E242-F8AF-46E4-B9FD-80ECBC20BA3E}</UniqueIdentifier>
      <Extensions>qrc;*</Extensions>
      <ParseFiles>false</ParseFiles>
    </Filter>
  </ItemGroup>
  <ItemGroup>
    <ClCompile Include="main.cpp">
      <Filter>Source Files</Filter>
    </ClCompile>
    <ClCompile Include="OTP_Guide_Auto_Create.cpp">
      <Filter>Source Files</Filter>
    </ClCompile>
    <ClCompile Include="EEPROM_Addr_Map.cpp">
      <Filter>Source Files</Filter>
    </ClCompile>
    <ClCompile Include="EEPROM_INIT.cpp">
      <Filter>Source Files</Filter>
    </ClCompile>
    <ClCompile Include="stdafx.cpp">
      <Filter>Source Files</Filter>
    </ClCompile>
    <ClCompile Include="Qt_Excel.cpp">
      <Filter>Source Files</Filter>
    </ClCompile>
    <ClCompile Include="Burn_Station_ui.cpp">
      <Filter>Source Files</Filter>
    </ClCompile>
    <ClCompile Include="ProjectInformation_UI.cpp">
      <Filter>Source Files</Filter>
    </ClCompile>
    <ClCompile Include="Burn_TestItem_UI.cpp">
      <Filter>Source Files</Filter>
    </ClCompile>
    <ClCompile Include="TestItemContainer_UI.cpp">
      <Filter>Source Files</Filter>
    </ClCompile>
    <ClCompile Include="BurnRule_UI.cpp">
      <Filter>Source Files</Filter>
    </ClCompile>
    <ClCompile Include="BurnAddrsAndChecksum.cpp">
      <Filter>Source Files</Filter>
    </ClCompile>
    <ClCompile Include="ChecksumConfigurate_ui.cpp">
      <Filter>Source Files</Filter>
    </ClCompile>
    <ClCompile Include="ChangeLog_UI.cpp">
      <Filter>Source Files</Filter>
    </ClCompile>
  </ItemGroup>
  <ItemGroup>
    <QtMoc Include="OTP_Guide_Auto_Create.h">
      <Filter>Header Files</Filter>
    </QtMoc>
    <QtMoc Include="EEPROM_Addr_Map.h">
      <Filter>Header Files</Filter>
    </QtMoc>
    <QtMoc Include="EEPROM_INIT.h">
      <Filter>Header Files</Filter>
    </QtMoc>
    <QtMoc Include="Qt_Excel.h">
      <Filter>Header Files</Filter>
    </QtMoc>
    <QtMoc Include="Burn_Station_ui.h">
      <Filter>Header Files</Filter>
    </QtMoc>
    <QtMoc Include="ProjectInformation_UI.h">
      <Filter>Header Files</Filter>
    </QtMoc>
    <QtMoc Include="Burn_TestItem_UI.h">
      <Filter>Header Files</Filter>
    </QtMoc>
    <QtMoc Include="TestItemContainer_UI.h">
      <Filter>Header Files</Filter>
    </QtMoc>
    <QtMoc Include="BurnRule_UI.h">
      <Filter>Header Files</Filter>
    </QtMoc>
    <QtMoc Include="BurnAddrsAndChecksum.h">
      <Filter>Header Files</Filter>
    </QtMoc>
    <QtMoc Include="ChecksumConfigurate_ui.h">
      <Filter>Header Files</Filter>
    </QtMoc>
    <QtMoc Include="ChangeLog_UI.h">
      <Filter>Header Files</Filter>
    </QtMoc>
  </ItemGroup>
  <ItemGroup>
    <QtUic Include="OTP_Guide_Auto_Create.ui">
      <Filter>Form Files</Filter>
    </QtUic>
    <QtUic Include="EEPROM_Addr_Map.ui">
      <Filter>Form Files</Filter>
    </QtUic>
    <QtUic Include="EEPROM_INIT.ui">
      <Filter>Form Files</Filter>
    </QtUic>
    <QtUic Include="Qt_Excel.ui">
      <Filter>Form Files</Filter>
    </QtUic>
    <QtUic Include="Burn_TestItem_UI.ui">
      <Filter>Form Files</Filter>
    </QtUic>
    <QtUic Include="TestItemContainer_UI.ui">
      <Filter>Form Files</Filter>
    </QtUic>
    <QtUic Include="BurnRule_UI.ui">
      <Filter>Form Files</Filter>
    </QtUic>
    <QtUic Include="BurnAddrsAndChecksum.ui">
      <Filter>Form Files</Filter>
    </QtUic>
    <QtUic Include="ChecksumConfigurate_ui.ui">
      <Filter>Form Files</Filter>
    </QtUic>
  </ItemGroup>
  <ItemGroup>
    <QtRcc Include="OTP_Guide_Auto_Create.qrc">
      <Filter>Resource Files</Filter>
    </QtRcc>
  </ItemGroup>
  <ItemGroup>
    <ClInclude Include="stdafx.h">
      <Filter>Header Files</Filter>
    </ClInclude>
    <ClInclude Include="..\include\OTPGuideDataStruct.h">
      <Filter>Header Files</Filter>
    </ClInclude>
    <ClInclude Include="MyWidgetBase.h">
      <Filter>Header Files</Filter>
    </ClInclude>
    <ClInclude Include="resource.h">
      <Filter>Header Files</Filter>
    </ClInclude>
  </ItemGroup>
  <ItemGroup>
    <ResourceCompile Include="OTPWriter.rc">
      <Filter>Resource Files</Filter>
    </ResourceCompile>
  </ItemGroup>
</Project>